// !$*UTF8*$!
{
	archiveVersion = 1;
	classes = {
	};
	objectVersion = 50;
	objects = {

/* Begin PBXBuildFile section */
		D64F860026BC1931008D0EF7 /* AppDelegate.swift in Sources */ = {isa = PBXBuildFile; fileRef = D64F85FF26BC1931008D0EF7 /* AppDelegate.swift */; };
		D64F860226BC1931008D0EF7 /* SceneDelegate.swift in Sources */ = {isa = PBXBuildFile; fileRef = D64F860126BC1931008D0EF7 /* SceneDelegate.swift */; };
		D64F860426BC1931008D0EF7 /* ViewController.swift in Sources */ = {isa = PBXBuildFile; fileRef = D64F860326BC1931008D0EF7 /* ViewController.swift */; };
		D64F860926BC1932008D0EF7 /* Assets.xcassets in Resources */ = {isa = PBXBuildFile; fileRef = D64F860826BC1932008D0EF7 /* Assets.xcassets */; };
		D64F860C26BC1932008D0EF7 /* LaunchScreen.storyboard in Resources */ = {isa = PBXBuildFile; fileRef = D64F860A26BC1932008D0EF7 /* LaunchScreen.storyboard */; };
		D64F861726BC1932008D0EF7 /* RootViewControllerTestTests.swift in Sources */ = {isa = PBXBuildFile; fileRef = D64F861626BC1932008D0EF7 /* RootViewControllerTestTests.swift */; };
		D64F862226BC1932008D0EF7 /* RootViewControllerTestUITests.swift in Sources */ = {isa = PBXBuildFile; fileRef = D64F862126BC1932008D0EF7 /* RootViewControllerTestUITests.swift */; };
		D64F863026BC2351008D0EF7 /* DetailViewController.swift in Sources */ = {isa = PBXBuildFile; fileRef = D64F862F26BC2351008D0EF7 /* DetailViewController.swift */; };
		D64F863226BC264E008D0EF7 /* MyTabBarControllerViewController.swift in Sources */ = {isa = PBXBuildFile; fileRef = D64F863126BC264E008D0EF7 /* MyTabBarControllerViewController.swift */; };
		D64F863426BC266C008D0EF7 /* AnotherViewController.swift in Sources */ = {isa = PBXBuildFile; fileRef = D64F863326BC266C008D0EF7 /* AnotherViewController.swift */; };
/* End PBXBuildFile section */

/* Begin PBXContainerItemProxy section */
		D64F861326BC1932008D0EF7 /* PBXContainerItemProxy */ = {
			isa = PBXContainerItemProxy;
			containerPortal = D64F85F426BC1931008D0EF7 /* Project object */;
			proxyType = 1;
			remoteGlobalIDString = D64F85FB26BC1931008D0EF7;
			remoteInfo = RootViewControllerTest;
		};
		D64F861E26BC1932008D0EF7 /* PBXContainerItemProxy */ = {
			isa = PBXContainerItemProxy;
			containerPortal = D64F85F426BC1931008D0EF7 /* Project object */;
			proxyType = 1;
			remoteGlobalIDString = D64F85FB26BC1931008D0EF7;
			remoteInfo = RootViewControllerTest;
		};
/* End PBXContainerItemProxy section */

/* Begin PBXFileReference section */
		D64F85FC26BC1931008D0EF7 /* RootViewControllerTest.app */ = {isa = PBXFileReference; explicitFileType = wrapper.application; includeInIndex = 0; path = RootViewControllerTest.app; sourceTree = BUILT_PRODUCTS_DIR; };
		D64F85FF26BC1931008D0EF7 /* AppDelegate.swift */ = {isa = PBXFileReference; lastKnownFileType = sourcecode.swift; path = AppDelegate.swift; sourceTree = "<group>"; };
		D64F860126BC1931008D0EF7 /* SceneDelegate.swift */ = {isa = PBXFileReference; lastKnownFileType = sourcecode.swift; path = SceneDelegate.swift; sourceTree = "<group>"; };
		D64F860326BC1931008D0EF7 /* ViewController.swift */ = {isa = PBXFileReference; lastKnownFileType = sourcecode.swift; path = ViewController.swift; sourceTree = "<group>"; };
		D64F860826BC1932008D0EF7 /* Assets.xcassets */ = {isa = PBXFileReference; lastKnownFileType = folder.assetcatalog; path = Assets.xcassets; sourceTree = "<group>"; };
		D64F860B26BC1932008D0EF7 /* Base */ = {isa = PBXFileReference; lastKnownFileType = file.storyboard; name = Base; path = Base.lproj/LaunchScreen.storyboard; sourceTree = "<group>"; };
		D64F860D26BC1932008D0EF7 /* Info.plist */ = {isa = PBXFileReference; lastKnownFileType = text.plist.xml; path = Info.plist; sourceTree = "<group>"; };
		D64F861226BC1932008D0EF7 /* RootViewControllerTestTests.xctest */ = {isa = PBXFileReference; explicitFileType = wrapper.cfbundle; includeInIndex = 0; path = RootViewControllerTestTests.xctest; sourceTree = BUILT_PRODUCTS_DIR; };
		D64F861626BC1932008D0EF7 /* RootViewControllerTestTests.swift */ = {isa = PBXFileReference; lastKnownFileType = sourcecode.swift; path = RootViewControllerTestTests.swift; sourceTree = "<group>"; };
		D64F861826BC1932008D0EF7 /* Info.plist */ = {isa = PBXFileReference; lastKnownFileType = text.plist.xml; path = Info.plist; sourceTree = "<group>"; };
		D64F861D26BC1932008D0EF7 /* RootViewControllerTestUITests.xctest */ = {isa = PBXFileReference; explicitFileType = wrapper.cfbundle; includeInIndex = 0; path = RootViewControllerTestUITests.xctest; sourceTree = BUILT_PRODUCTS_DIR; };
		D64F862126BC1932008D0EF7 /* RootViewControllerTestUITests.swift */ = {isa = PBXFileReference; lastKnownFileType = sourcecode.swift; path = RootViewControllerTestUITests.swift; sourceTree = "<group>"; };
		D64F862326BC1932008D0EF7 /* Info.plist */ = {isa = PBXFileReference; lastKnownFileType = text.plist.xml; path = Info.plist; sourceTree = "<group>"; };
		D64F862F26BC2351008D0EF7 /* DetailViewController.swift */ = {isa = PBXFileReference; lastKnownFileType = sourcecode.swift; path = DetailViewController.swift; sourceTree = "<group>"; };
		D64F863126BC264E008D0EF7 /* MyTabBarControllerViewController.swift */ = {isa = PBXFileReference; lastKnownFileType = sourcecode.swift; path = MyTabBarControllerViewController.swift; sourceTree = "<group>"; };
		D64F863326BC266C008D0EF7 /* AnotherViewController.swift */ = {isa = PBXFileReference; lastKnownFileType = sourcecode.swift; path = AnotherViewController.swift; sourceTree = "<group>"; };
/* End PBXFileReference section */

/* Begin PBXFrameworksBuildPhase section */
		D64F85F926BC1931008D0EF7 /* Frameworks */ = {
			isa = PBXFrameworksBuildPhase;
			buildActionMask = 2147483647;
			files = (
			);
			runOnlyForDeploymentPostprocessing = 0;
		};
		D64F860F26BC1932008D0EF7 /* Frameworks */ = {
			isa = PBXFrameworksBuildPhase;
			buildActionMask = 2147483647;
			files = (
			);
			runOnlyForDeploymentPostprocessing = 0;
		};
		D64F861A26BC1932008D0EF7 /* Frameworks */ = {
			isa = PBXFrameworksBuildPhase;
			buildActionMask = 2147483647;
			files = (
			);
			runOnlyForDeploymentPostprocessing = 0;
		};
/* End PBXFrameworksBuildPhase section */

/* Begin PBXGroup section */
		D64F85F326BC1931008D0EF7 = {
			isa = PBXGroup;
			children = (
				D64F85FE26BC1931008D0EF7 /* RootViewControllerTest */,
				D64F861526BC1932008D0EF7 /* RootViewControllerTestTests */,
				D64F862026BC1932008D0EF7 /* RootViewControllerTestUITests */,
				D64F85FD26BC1931008D0EF7 /* Products */,
			);
			sourceTree = "<group>";
		};
		D64F85FD26BC1931008D0EF7 /* Products */ = {
			isa = PBXGroup;
			children = (
				D64F85FC26BC1931008D0EF7 /* RootViewControllerTest.app */,
				D64F861226BC1932008D0EF7 /* RootViewControllerTestTests.xctest */,
				D64F861D26BC1932008D0EF7 /* RootViewControllerTestUITests.xctest */,
			);
			name = Products;
			sourceTree = "<group>";
		};
		D64F85FE26BC1931008D0EF7 /* RootViewControllerTest */ = {
			isa = PBXGroup;
			children = (
				D64F85FF26BC1931008D0EF7 /* AppDelegate.swift */,
				D64F860126BC1931008D0EF7 /* SceneDelegate.swift */,
				D64F860326BC1931008D0EF7 /* ViewController.swift */,
				D64F860826BC1932008D0EF7 /* Assets.xcassets */,
				D64F860A26BC1932008D0EF7 /* LaunchScreen.storyboard */,
				D64F860D26BC1932008D0EF7 /* Info.plist */,
				D64F862F26BC2351008D0EF7 /* DetailViewController.swift */,
				D64F863126BC264E008D0EF7 /* MyTabBarControllerViewController.swift */,
				D64F863326BC266C008D0EF7 /* AnotherViewController.swift */,
			);
			path = RootViewControllerTest;
			sourceTree = "<group>";
		};
		D64F861526BC1932008D0EF7 /* RootViewControllerTestTests */ = {
			isa = PBXGroup;
			children = (
				D64F861626BC1932008D0EF7 /* RootViewControllerTestTests.swift */,
				D64F861826BC1932008D0EF7 /* Info.plist */,
			);
			path = RootViewControllerTestTests;
			sourceTree = "<group>";
		};
		D64F862026BC1932008D0EF7 /* RootViewControllerTestUITests */ = {
			isa = PBXGroup;
			children = (
				D64F862126BC1932008D0EF7 /* RootViewControllerTestUITests.swift */,
				D64F862326BC1932008D0EF7 /* Info.plist */,
			);
			path = RootViewControllerTestUITests;
			sourceTree = "<group>";
		};
/* End PBXGroup section */

/* Begin PBXNativeTarget section */
		D64F85FB26BC1931008D0EF7 /* RootViewControllerTest */ = {
			isa = PBXNativeTarget;
			buildConfigurationList = D64F862626BC1932008D0EF7 /* Build configuration list for PBXNativeTarget "RootViewControllerTest" */;
			buildPhases = (
				D64F85F826BC1931008D0EF7 /* Sources */,
				D64F85F926BC1931008D0EF7 /* Frameworks */,
				D64F85FA26BC1931008D0EF7 /* Resources */,
			);
			buildRules = (
			);
			dependencies = (
			);
			name = RootViewControllerTest;
			productName = RootViewControllerTest;
			productReference = D64F85FC26BC1931008D0EF7 /* RootViewControllerTest.app */;
			productType = "com.apple.product-type.application";
		};
		D64F861126BC1932008D0EF7 /* RootViewControllerTestTests */ = {
			isa = PBXNativeTarget;
			buildConfigurationList = D64F862926BC1932008D0EF7 /* Build configuration list for PBXNativeTarget "RootViewControllerTestTests" */;
			buildPhases = (
				D64F860E26BC1932008D0EF7 /* Sources */,
				D64F860F26BC1932008D0EF7 /* Frameworks */,
				D64F861026BC1932008D0EF7 /* Resources */,
			);
			buildRules = (
			);
			dependencies = (
				D64F861426BC1932008D0EF7 /* PBXTargetDependency */,
			);
			name = RootViewControllerTestTests;
			productName = RootViewControllerTestTests;
			productReference = D64F861226BC1932008D0EF7 /* RootViewControllerTestTests.xctest */;
			productType = "com.apple.product-type.bundle.unit-test";
		};
		D64F861C26BC1932008D0EF7 /* RootViewControllerTestUITests */ = {
			isa = PBXNativeTarget;
			buildConfigurationList = D64F862C26BC1932008D0EF7 /* Build configuration list for PBXNativeTarget "RootViewControllerTestUITests" */;
			buildPhases = (
				D64F861926BC1932008D0EF7 /* Sources */,
				D64F861A26BC1932008D0EF7 /* Frameworks */,
				D64F861B26BC1932008D0EF7 /* Resources */,
			);
			buildRules = (
			);
			dependencies = (
				D64F861F26BC1932008D0EF7 /* PBXTargetDependency */,
			);
			name = RootViewControllerTestUITests;
			productName = RootViewControllerTestUITests;
			productReference = D64F861D26BC1932008D0EF7 /* RootViewControllerTestUITests.xctest */;
			productType = "com.apple.product-type.bundle.ui-testing";
		};
/* End PBXNativeTarget section */

/* Begin PBXProject section */
		D64F85F426BC1931008D0EF7 /* Project object */ = {
			isa = PBXProject;
			attributes = {
				LastSwiftUpdateCheck = 1250;
				LastUpgradeCheck = 1250;
				TargetAttributes = {
					D64F85FB26BC1931008D0EF7 = {
						CreatedOnToolsVersion = 12.5.1;
					};
					D64F861126BC1932008D0EF7 = {
						CreatedOnToolsVersion = 12.5.1;
						TestTargetID = D64F85FB26BC1931008D0EF7;
					};
					D64F861C26BC1932008D0EF7 = {
						CreatedOnToolsVersion = 12.5.1;
						TestTargetID = D64F85FB26BC1931008D0EF7;
					};
				};
			};
			buildConfigurationList = D64F85F726BC1931008D0EF7 /* Build configuration list for PBXProject "RootViewControllerTest" */;
			compatibilityVersion = "Xcode 9.3";
			developmentRegion = en;
			hasScannedForEncodings = 0;
			knownRegions = (
				en,
				Base,
			);
			mainGroup = D64F85F326BC1931008D0EF7;
			productRefGroup = D64F85FD26BC1931008D0EF7 /* Products */;
			projectDirPath = "";
			projectRoot = "";
			targets = (
				D64F85FB26BC1931008D0EF7 /* RootViewControllerTest */,
				D64F861126BC1932008D0EF7 /* RootViewControllerTestTests */,
				D64F861C26BC1932008D0EF7 /* RootViewControllerTestUITests */,
			);
		};
/* End PBXProject section */

/* Begin PBXResourcesBuildPhase section */
		D64F85FA26BC1931008D0EF7 /* Resources */ = {
			isa = PBXResourcesBuildPhase;
			buildActionMask = 2147483647;
			files = (
				D64F860C26BC1932008D0EF7 /* LaunchScreen.storyboard in Resources */,
				D64F860926BC1932008D0EF7 /* Assets.xcassets in Resources */,
			);
			runOnlyForDeploymentPostprocessing = 0;
		};
		D64F861026BC1932008D0EF7 /* Resources */ = {
			isa = PBXResourcesBuildPhase;
			buildActionMask = 2147483647;
			files = (
			);
			runOnlyForDeploymentPostprocessing = 0;
		};
		D64F861B26BC1932008D0EF7 /* Resources */ = {
			isa = PBXResourcesBuildPhase;
			buildActionMask = 2147483647;
			files = (
			);
			runOnlyForDeploymentPostprocessing = 0;
		};
/* End PBXResourcesBuildPhase section */

/* Begin PBXSourcesBuildPhase section */
		D64F85F826BC1931008D0EF7 /* Sources */ = {
			isa = PBXSourcesBuildPhase;
			buildActionMask = 2147483647;
			files = (
				D64F860426BC1931008D0EF7 /* ViewController.swift in Sources */,
				D64F860026BC1931008D0EF7 /* AppDelegate.swift in Sources */,
				D64F863426BC266C008D0EF7 /* AnotherViewController.swift in Sources */,
				D64F860226BC1931008D0EF7 /* SceneDelegate.swift in Sources */,
				D64F863026BC2351008D0EF7 /* DetailViewController.swift in Sources */,
				D64F863226BC264E008D0EF7 /* MyTabBarControllerViewController.swift in Sources */,
			);
			runOnlyForDeploymentPostprocessing = 0;
		};
		D64F860E26BC1932008D0EF7 /* Sources */ = {
			isa = PBXSourcesBuildPhase;
			buildActionMask = 2147483647;
			files = (
				D64F861726BC1932008D0EF7 /* RootViewControllerTestTests.swift in Sources */,
			);
			runOnlyForDeploymentPostprocessing = 0;
		};
		D64F861926BC1932008D0EF7 /* Sources */ = {
			isa = PBXSourcesBuildPhase;
			buildActionMask = 2147483647;
			files = (
				D64F862226BC1932008D0EF7 /* RootViewControllerTestUITests.swift in Sources */,
			);
			runOnlyForDeploymentPostprocessing = 0;
		};
/* End PBXSourcesBuildPhase section */

/* Begin PBXTargetDependency section */
		D64F861426BC1932008D0EF7 /* PBXTargetDependency */ = {
			isa = PBXTargetDependency;
			target = D64F85FB26BC1931008D0EF7 /* RootViewControllerTest */;
			targetProxy = D64F861326BC1932008D0EF7 /* PBXContainerItemProxy */;
		};
		D64F861F26BC1932008D0EF7 /* PBXTargetDependency */ = {
			isa = PBXTargetDependency;
			target = D64F85FB26BC1931008D0EF7 /* RootViewControllerTest */;
			targetProxy = D64F861E26BC1932008D0EF7 /* PBXContainerItemProxy */;
		};
/* End PBXTargetDependency section */

/* Begin PBXVariantGroup section */
		D64F860A26BC1932008D0EF7 /* LaunchScreen.storyboard */ = {
			isa = PBXVariantGroup;
			children = (
				D64F860B26BC1932008D0EF7 /* Base */,
			);
			name = LaunchScreen.storyboard;
			sourceTree = "<group>";
		};
/* End PBXVariantGroup section */

/* Begin XCBuildConfiguration section */
		D64F862426BC1932008D0EF7 /* Debug */ = {
			isa = XCBuildConfiguration;
			buildSettings = {
				ALWAYS_SEARCH_USER_PATHS = NO;
				CLANG_ANALYZER_NONNULL = YES;
				CLANG_ANALYZER_NUMBER_OBJECT_CONVERSION = YES_AGGRESSIVE;
				CLANG_CXX_LANGUAGE_STANDARD = "gnu++14";
				CLANG_CXX_LIBRARY = "libc++";
				CLANG_ENABLE_MODULES = YES;
				CLANG_ENABLE_OBJC_ARC = YES;
				CLANG_ENABLE_OBJC_WEAK = YES;
				CLANG_WARN_BLOCK_CAPTURE_AUTORELEASING = YES;
				CLANG_WARN_BOOL_CONVERSION = YES;
				CLANG_WARN_COMMA = YES;
				CLANG_WARN_CONSTANT_CONVERSION = YES;
				CLANG_WARN_DEPRECATED_OBJC_IMPLEMENTATIONS = YES;
				CLANG_WARN_DIRECT_OBJC_ISA_USAGE = YES_ERROR;
				CLANG_WARN_DOCUMENTATION_COMMENTS = YES;
				CLANG_WARN_EMPTY_BODY = YES;
				CLANG_WARN_ENUM_CONVERSION = YES;
				CLANG_WARN_INFINITE_RECURSION = YES;
				CLANG_WARN_INT_CONVERSION = YES;
				CLANG_WARN_NON_LITERAL_NULL_CONVERSION = YES;
				CLANG_WARN_OBJC_IMPLICIT_RETAIN_SELF = YES;
				CLANG_WARN_OBJC_LITERAL_CONVERSION = YES;
				CLANG_WARN_OBJC_ROOT_CLASS = YES_ERROR;
				CLANG_WARN_QUOTED_INCLUDE_IN_FRAMEWORK_HEADER = YES;
				CLANG_WARN_RANGE_LOOP_ANALYSIS = YES;
				CLANG_WARN_STRICT_PROTOTYPES = YES;
				CLANG_WARN_SUSPICIOUS_MOVE = YES;
				CLANG_WARN_UNGUARDED_AVAILABILITY = YES_AGGRESSIVE;
				CLANG_WARN_UNREACHABLE_CODE = YES;
				CLANG_WARN__DUPLICATE_METHOD_MATCH = YES;
				COPY_PHASE_STRIP = NO;
				DEBUG_INFORMATION_FORMAT = dwarf;
				ENABLE_STRICT_OBJC_MSGSEND = YES;
				ENABLE_TESTABILITY = YES;
				GCC_C_LANGUAGE_STANDARD = gnu11;
				GCC_DYNAMIC_NO_PIC = NO;
				GCC_NO_COMMON_BLOCKS = YES;
				GCC_OPTIMIZATION_LEVEL = 0;
				GCC_PREPROCESSOR_DEFINITIONS = (
					"DEBUG=1",
					"$(inherited)",
				);
				GCC_WARN_64_TO_32_BIT_CONVERSION = YES;
				GCC_WARN_ABOUT_RETURN_TYPE = YES_ERROR;
				GCC_WARN_UNDECLARED_SELECTOR = YES;
				GCC_WARN_UNINITIALIZED_AUTOS = YES_AGGRESSIVE;
				GCC_WARN_UNUSED_FUNCTION = YES;
				GCC_WARN_UNUSED_VARIABLE = YES;
				IPHONEOS_DEPLOYMENT_TARGET = 14.5;
				MTL_ENABLE_DEBUG_INFO = INCLUDE_SOURCE;
				MTL_FAST_MATH = YES;
				ONLY_ACTIVE_ARCH = YES;
				SDKROOT = iphoneos;
				SWIFT_ACTIVE_COMPILATION_CONDITIONS = DEBUG;
				SWIFT_OPTIMIZATION_LEVEL = "-Onone";
			};
			name = Debug;
		};
		D64F862526BC1932008D0EF7 /* Release */ = {
			isa = XCBuildConfiguration;
			buildSettings = {
				ALWAYS_SEARCH_USER_PATHS = NO;
				CLANG_ANALYZER_NONNULL = YES;
				CLANG_ANALYZER_NUMBER_OBJECT_CONVERSION = YES_AGGRESSIVE;
				CLANG_CXX_LANGUAGE_STANDARD = "gnu++14";
				CLANG_CXX_LIBRARY = "libc++";
				CLANG_ENABLE_MODULES = YES;
				CLANG_ENABLE_OBJC_ARC = YES;
				CLANG_ENABLE_OBJC_WEAK = YES;
				CLANG_WARN_BLOCK_CAPTURE_AUTORELEASING = YES;
				CLANG_WARN_BOOL_CONVERSION = YES;
				CLANG_WARN_COMMA = YES;
				CLANG_WARN_CONSTANT_CONVERSION = YES;
				CLANG_WARN_DEPRECATED_OBJC_IMPLEMENTATIONS = YES;
				CLANG_WARN_DIRECT_OBJC_ISA_USAGE = YES_ERROR;
				CLANG_WARN_DOCUMENTATION_COMMENTS = YES;
				CLANG_WARN_EMPTY_BODY = YES;
				CLANG_WARN_ENUM_CONVERSION = YES;
				CLANG_WARN_INFINITE_RECURSION = YES;
				CLANG_WARN_INT_CONVERSION = YES;
				CLANG_WARN_NON_LITERAL_NULL_CONVERSION = YES;
				CLANG_WARN_OBJC_IMPLICIT_RETAIN_SELF = YES;
				CLANG_WARN_OBJC_LITERAL_CONVERSION = YES;
				CLANG_WARN_OBJC_ROOT_CLASS = YES_ERROR;
				CLANG_WARN_QUOTED_INCLUDE_IN_FRAMEWORK_HEADER = YES;
				CLANG_WARN_RANGE_LOOP_ANALYSIS = YES;
				CLANG_WARN_STRICT_PROTOTYPES = YES;
				CLANG_WARN_SUSPICIOUS_MOVE = YES;
				CLANG_WARN_UNGUARDED_AVAILABILITY = YES_AGGRESSIVE;
				CLANG_WARN_UNREACHABLE_CODE = YES;
				CLANG_WARN__DUPLICATE_METHOD_MATCH = YES;
				COPY_PHASE_STRIP = NO;
				DEBUG_INFORMATION_FORMAT = "dwarf-with-dsym";
				ENABLE_NS_ASSERTIONS = NO;
				ENABLE_STRICT_OBJC_MSGSEND = YES;
				GCC_C_LANGUAGE_STANDARD = gnu11;
				GCC_NO_COMMON_BLOCKS = YES;
				GCC_WARN_64_TO_32_BIT_CONVERSION = YES;
				GCC_WARN_ABOUT_RETURN_TYPE = YES_ERROR;
				GCC_WARN_UNDECLARED_SELECTOR = YES;
				GCC_WARN_UNINITIALIZED_AUTOS = YES_AGGRESSIVE;
				GCC_WARN_UNUSED_FUNCTION = YES;
				GCC_WARN_UNUSED_VARIABLE = YES;
				IPHONEOS_DEPLOYMENT_TARGET = 14.5;
				MTL_ENABLE_DEBUG_INFO = NO;
				MTL_FAST_MATH = YES;
				SDKROOT = iphoneos;
				SWIFT_COMPILATION_MODE = wholemodule;
				SWIFT_OPTIMIZATION_LEVEL = "-O";
				VALIDATE_PRODUCT = YES;
			};
			name = Release;
		};
		D64F862726BC1932008D0EF7 /* Debug */ = {
			isa = XCBuildConfiguration;
			buildSettings = {
				ASSETCATALOG_COMPILER_APPICON_NAME = AppIcon;
				ASSETCATALOG_COMPILER_GLOBAL_ACCENT_COLOR_NAME = AccentColor;
				CODE_SIGN_STYLE = Automatic;
				INFOPLIST_FILE = RootViewControllerTest/Info.plist;
				LD_RUNPATH_SEARCH_PATHS = (
					"$(inherited)",
					"@executable_path/Frameworks",
				);
				PRODUCT_BUNDLE_IDENTIFIER = id.pasukanlangit.RootViewControllerTest;
				PRODUCT_NAME = "$(TARGET_NAME)";
				SWIFT_VERSION = 5.0;
				TARGETED_DEVICE_FAMILY = "1,2";
			};
			name = Debug;
		};
		D64F862826BC1932008D0EF7 /* Release */ = {
			isa = XCBuildConfiguration;
			buildSettings = {
				ASSETCATALOG_COMPILER_APPICON_NAME = AppIcon;
				ASSETCATALOG_COMPILER_GLOBAL_ACCENT_COLOR_NAME = AccentColor;
				CODE_SIGN_STYLE = Automatic;
				INFOPLIST_FILE = RootViewControllerTest/Info.plist;
				LD_RUNPATH_SEARCH_PATHS = (
					"$(inherited)",
					"@executable_path/Frameworks",
				);
				PRODUCT_BUNDLE_IDENTIFIER = id.pasukanlangit.RootViewControllerTest;
				PRODUCT_NAME = "$(TARGET_NAME)";
				SWIFT_VERSION = 5.0;
				TARGETED_DEVICE_FAMILY = "1,2";
			};
			name = Release;
		};
		D64F862A26BC1932008D0EF7 /* Debug */ = {
			isa = XCBuildConfiguration;
			buildSettings = {
				ALWAYS_EMBED_SWIFT_STANDARD_LIBRARIES = YES;
				BUNDLE_LOADER = "$(TEST_HOST)";
				CODE_SIGN_STYLE = Automatic;
				INFOPLIST_FILE = RootViewControllerTestTests/Info.plist;
				IPHONEOS_DEPLOYMENT_TARGET = 14.5;
				LD_RUNPATH_SEARCH_PATHS = (
					"$(inherited)",
					"@executable_path/Frameworks",
					"@loader_path/Frameworks",
				);
				PRODUCT_BUNDLE_IDENTIFIER = id.pasukanlangit.RootViewControllerTestTests;
				PRODUCT_NAME = "$(TARGET_NAME)";
				SWIFT_VERSION = 5.0;
				TARGETED_DEVICE_FAMILY = "1,2";
				TEST_HOST = "$(BUILT_PRODUCTS_DIR)/RootViewControllerTest.app/RootViewControllerTest";
			};
			name = Debug;
		};
		D64F862B26BC1932008D0EF7 /* Release */ = {
			isa = XCBuildConfiguration;
			buildSettings = {
				ALWAYS_EMBED_SWIFT_STANDARD_LIBRARIES = YES;
				BUNDLE_LOADER = "$(TEST_HOST)";
				CODE_SIGN_STYLE = Automatic;
				INFOPLIST_FILE = RootViewControllerTestTests/Info.plist;
				IPHONEOS_DEPLOYMENT_TARGET = 14.5;
				LD_RUNPATH_SEARCH_PATHS = (
					"$(inherited)",
					"@executable_path/Frameworks",
					"@loader_path/Frameworks",
				);
				PRODUCT_BUNDLE_IDENTIFIER = id.pasukanlangit.RootViewControllerTestTests;
				PRODUCT_NAME = "$(TARGET_NAME)";
				SWIFT_VERSION = 5.0;
				TARGETED_DEVICE_FAMILY = "1,2";
				TEST_HOST = "$(BUILT_PRODUCTS_DIR)/RootViewControllerTest.app/RootViewControllerTest";
			};
			name = Release;
		};
		D64F862D26BC1932008D0EF7 /* Debug */ = {
			isa = XCBuildConfiguration;
			buildSettings = {
				ALWAYS_EMBED_SWIFT_STANDARD_LIBRARIES = YES;
				CODE_SIGN_STYLE = Automatic;
				INFOPLIST_FILE = RootViewControllerTestUITests/Info.plist;
				LD_RUNPATH_SEARCH_PATHS = (
					"$(inherited)",
					"@executable_path/Frameworks",
					"@loader_path/Frameworks",
				);
				PRODUCT_BUNDLE_IDENTIFIER = id.pasukanlangit.RootViewControllerTestUITests;
				PRODUCT_NAME = "$(TARGET_NAME)";
				SWIFT_VERSION = 5.0;
				TARGETED_DEVICE_FAMILY = "1,2";
				TEST_TARGET_NAME = RootViewControllerTest;
			};
			name = Debug;
		};
		D64F862E26BC1932008D0EF7 /* Release */ = {
			isa = XCBuildConfiguration;
			buildSettings = {
				ALWAYS_EMBED_SWIFT_STANDARD_LIBRARIES = YES;
				CODE_SIGN_STYLE = Automatic;
				INFOPLIST_FILE = RootViewControllerTestUITests/Info.plist;
				LD_RUNPATH_SEARCH_PATHS = (
					"$(inherited)",
					"@executable_path/Frameworks",
					"@loader_path/Frameworks",
				);
				PRODUCT_BUNDLE_IDENTIFIER = id.pasukanlangit.RootViewControllerTestUITests;
				PRODUCT_NAME = "$(TARGET_NAME)";
				SWIFT_VERSION = 5.0;
				TARGETED_DEVICE_FAMILY = "1,2";
				TEST_TARGET_NAME = RootViewControllerTest;
			};
			name = Release;
		};
/* End XCBuildConfiguration section */

/* Begin XCConfigurationList section */
		D64F85F726BC1931008D0EF7 /* Build configuration list for PBXProject "RootViewControllerTest" */ = {
			isa = XCConfigurationList;
			buildConfigurations = (
				D64F862426BC1932008D0EF7 /* Debug */,
				D64F862526BC1932008D0EF7 /* Release */,
			);
			defaultConfigurationIsVisible = 0;
			defaultConfigurationName = Release;
		};
		D64F862626BC1932008D0EF7 /* Build configuration list for PBXNativeTarget "RootViewControllerTest" */ = {
			isa = XCConfigurationList;
			buildConfigurations = (
				D64F862726BC1932008D0EF7 /* Debug */,
				D64F862826BC1932008D0EF7 /* Release */,
			);
			defaultConfigurationIsVisible = 0;
			defaultConfigurationName = Release;
		};
		D64F862926BC1932008D0EF7 /* Build configuration list for PBXNativeTarget "RootViewControllerTestTests" */ = {
			isa = XCConfigurationList;
			buildConfigurations = (
				D64F862A26BC1932008D0EF7 /* Debug */,
				D64F862B26BC1932008D0EF7 /* Release */,
			);
			defaultConfigurationIsVisible = 0;
			defaultConfigurationName = Release;
		};
		D64F862C26BC1932008D0EF7 /* Build configuration list for PBXNativeTarget "RootViewControllerTestUITests" */ = {
			isa = XCConfigurationList;
			buildConfigurations = (
				D64F862D26BC1932008D0EF7 /* Debug */,
				D64F862E26BC1932008D0EF7 /* Release */,
			);
			defaultConfigurationIsVisible = 0;
			defaultConfigurationName = Release;
		};
/* End XCConfigurationList section */
	};
	rootObject = D64F85F426BC1931008D0EF7 /* Project object */;
}
